
Microsoft Visual Studio Solution File, Format Version 12.00
# Visual Studio Version 16
VisualStudioVersion = 16.0.30011.22
MinimumVisualStudioVersion = 15.0.26124.0
Project("{2150E333-8FDC-42A3-9474-1A3956D46DE8}") = "Source", "Source", "{84FF9B35-03EB-4C7A-9180-9CE07B84683C}"
	ProjectSection(SolutionItems) = preProject
		src\Directory.Build.props = src\Directory.Build.props
	EndProjectSection
EndProject
Project("{2150E333-8FDC-42A3-9474-1A3956D46DE8}") = "Mvc", "Mvc", "{F488E4B1-CA0D-42DD-BA5F-EAD1FD9699A0}"
EndProject
Project("{2150E333-8FDC-42A3-9474-1A3956D46DE8}") = "Tests", "Tests", "{2E3CF090-B129-46EE-B6EA-939E4C626D7E}"
EndProject
Project("{2150E333-8FDC-42A3-9474-1A3956D46DE8}") = "Core", "Core", "{64BC49B1-EACC-4C1F-9C65-A26018D4C243}"
EndProject
Project("{2150E333-8FDC-42A3-9474-1A3956D46DE8}") = "Tests", "Tests", "{42DC931D-E939-4495-8551-D7AE06E6F527}"
EndProject
Project("{2150E333-8FDC-42A3-9474-1A3956D46DE8}") = "Api", "Api", "{D1FB82A0-2ED8-4A88-87E6-27DEC10A7FC5}"
EndProject
Project("{2150E333-8FDC-42A3-9474-1A3956D46DE8}") = "Tests", "Tests", "{6BBC28B4-0409-4897-B066-D0C35E86FA69}"
EndProject
Project("{9A19103F-16F7-4668-BE54-9A1E7A4F7556}") = "DotNetCenter.Beyond.Web.Core", "src\Web\Core\Source\DotNetCenter.Beyond.Web.Core.csproj", "{B4381CC7-8913-45C3-8989-DE89426D2FB2}"
EndProject
Project("{9A19103F-16F7-4668-BE54-9A1E7A4F7556}") = "DotNetCenter.Beyond.Web.Core.UnitTest", "src\Web\Core\Tests\UnitTest\Source\DotNetCenter.Beyond.Web.Core.UnitTest.csproj", "{A8E4DC7D-F05B-4641-8B0D-2682ABBCAAEC}"
EndProject
Project("{9A19103F-16F7-4668-BE54-9A1E7A4F7556}") = "DotNetCenter.Beyond.Web.Mvc", "src\Web\Mvc\Source\DotNetCenter.Beyond.Web.Mvc.csproj", "{0EED4405-3F1E-4202-A124-238F116077A4}"
EndProject
Project("{9A19103F-16F7-4668-BE54-9A1E7A4F7556}") = "DotNetCenter.Beyond.Web.Mvc.UnitTest", "src\Web\Mvc\Tests\UnitTest\Source\DotNetCenter.Beyond.Web.Mvc.UnitTest.csproj", "{EB7BF80F-85B8-4848-87DB-04572426AC38}"
EndProject
Project("{9A19103F-16F7-4668-BE54-9A1E7A4F7556}") = "DotNetCenter.Beyond.Web.Api", "src\Web\Api\Source\DotNetCenter.Beyond.Web.Api.csproj", "{C0177C0F-1FBC-4E30-9C6E-ED564B3AD54A}"
EndProject
Project("{9A19103F-16F7-4668-BE54-9A1E7A4F7556}") = "DotNetCenter.Beyond.Web.Api.UnitTest", "src\Web\Api\Tests\UnitTest\Source\DotNetCenter.Beyond.Web.Api.UnitTest.csproj", "{9B6C768E-95A1-465B-A141-010760CD3F27}"
EndProject
Project("{2150E333-8FDC-42A3-9474-1A3956D46DE8}") = "RazorPages", "RazorPages", "{4EF69A4E-364D-4691-95A4-A6A1B46145B7}"
EndProject
Project("{2150E333-8FDC-42A3-9474-1A3956D46DE8}") = "Tests", "Tests", "{A125EA5E-14AB-446E-9048-4AD1DA88F753}"
EndProject
Project("{9A19103F-16F7-4668-BE54-9A1E7A4F7556}") = "DotNetCenter.Beyond.Web.Mvc.RazorPages", "src\Web\Mvc\RazorPages\Source\DotNetCenter.Beyond.Web.Mvc.RazorPages.csproj", "{F79E9DAF-A7CE-4AB7-86B2-A0E0CA645B1B}"
EndProject
Project("{9A19103F-16F7-4668-BE54-9A1E7A4F7556}") = "DotNetCenter.Beyond.Web.Mvc.RazorPages.UnitTest", "src\Web\Mvc\RazorPages\Tests\UnitTest\Source\DotNetCenter.Beyond.Web.Mvc.RazorPages.UnitTest.csproj", "{AC6EE44E-73B1-4648-ACEC-87A2DE01FC76}"
EndProject
Project("{2150E333-8FDC-42A3-9474-1A3956D46DE8}") = "Core", "Core", "{04DD4F26-8E86-45CE-A381-D1B317E6C71E}"
EndProject
Project("{9A19103F-16F7-4668-BE54-9A1E7A4F7556}") = "DotNetCenter.Beyond.Web.Mvc.Core", "src\Web\Mvc\Core\Source\DotNetCenter.Beyond.Web.Mvc.Core.csproj", "{EFA55566-C799-476C-A93A-2E5612555C4F}"
EndProject
Project("{2150E333-8FDC-42A3-9474-1A3956D46DE8}") = "Tests", "Tests", "{CE0AF597-70B2-489C-BF5C-70F4E2DB14CC}"
EndProject
Project("{9A19103F-16F7-4668-BE54-9A1E7A4F7556}") = "DotNetCenter.Beyond.Web.Mvc.Core.UnitTest", "src\Web\Mvc\Core\Tests\UnitTest\Source\DotNetCenter.Beyond.Web.Mvc.Core.UnitTest.csproj", "{D3C1B805-5DDE-4D20-8317-5ED7DBF97D0E}"
EndProject
Project("{2150E333-8FDC-42A3-9474-1A3956D46DE8}") = "Identity", "Identity", "{DAC967B6-769B-4E7D-A980-F696FE784A0E}"
EndProject
Project("{2150E333-8FDC-42A3-9474-1A3956D46DE8}") = "Services", "Services", "{128CA30B-8789-424A-B8DF-BED738DA1D40}"
EndProject
Project("{9A19103F-16F7-4668-BE54-9A1E7A4F7556}") = "DotNetCenter.Beyond.Web.Identity.Services", "src\Web\Identity\Services\Source\DotNetCenter.Beyond.Web.Identity.Services.csproj", "{2C54A4A9-D737-4A4D-873C-F7416EA6EAC9}"
EndProject
Project("{2150E333-8FDC-42A3-9474-1A3956D46DE8}") = "Tests", "Tests", "{42FD56A1-3429-44B2-AAC6-173E1B0DE6B7}"
EndProject
Project("{9A19103F-16F7-4668-BE54-9A1E7A4F7556}") = "DotNetCenter.Beyond.Web.Identity.Services.UnitTest", "src\Web\Identity\Services\Tests\UnitTest\Source\DotNetCenter.Beyond.Web.Identity.Services.UnitTest.csproj", "{B4266FCD-486E-41A7-9E27-4C9B529A43FF}"
EndProject
Project("{2150E333-8FDC-42A3-9474-1A3956D46DE8}") = "Pagination", "Pagination", "{2FEE3320-E338-4D64-8E63-8215D41D7EC7}"
EndProject
Project("{9A19103F-16F7-4668-BE54-9A1E7A4F7556}") = "DotNetCenter.Beyond.Web.Mvc.Core.Pagination", "src\Web\Mvc\Core\Pagination\Source\DotNetCenter.Beyond.Web.Mvc.Core.Pagination.csproj", "{C6A17DBF-52B6-4992-83EB-1F256C014B83}"
EndProject
Project("{2150E333-8FDC-42A3-9474-1A3956D46DE8}") = "Tests", "Tests", "{EEC84D0C-A141-475A-9536-F1549AB6CE7F}"
EndProject
Project("{9A19103F-16F7-4668-BE54-9A1E7A4F7556}") = "DotNetCenter.Beyond.Web.Mvc.Core.Pagination.UnitTest", "src\Web\Mvc\Core\Pagination\Tests\UnitTest\Source\DotNetCenter.Beyond.Web.Mvc.Core.Pagination.UnitTest.csproj", "{B4DA04AC-7565-442C-B347-30860AB62077}"
EndProject
Project("{2150E333-8FDC-42A3-9474-1A3956D46DE8}") = "Core", "Core", "{848CC488-1670-407B-BC5D-6E32DB3EAE92}"
EndProject
Project("{2150E333-8FDC-42A3-9474-1A3956D46DE8}") = "Tests", "Tests", "{47AB3705-F783-4838-9614-39248DE9E239}"
EndProject
Project("{9A19103F-16F7-4668-BE54-9A1E7A4F7556}") = "DotNetCenter.Beyond.Web.Identity.Core.UnitTest", "src\Web\Identity\Core\Tests\UnitTest\Source\DotNetCenter.Beyond.Web.Identity.Core.UnitTest.csproj", "{5BBFD4D2-56AC-4C2E-826E-50AAC027DE35}"
EndProject
Project("{2150E333-8FDC-42A3-9474-1A3956D46DE8}") = "ObjRelMapping", "ObjRelMapping", "{AB18085E-1212-40A0-98B1-E3B6DDE2E0FD}"
EndProject
Project("{9A19103F-16F7-4668-BE54-9A1E7A4F7556}") = "DotNetCenter.Beyond.Web.Identity.ObjRelMapping", "src\Web\Identity\ObjRelMapping\Source\DotNetCenter.Beyond.Web.Identity.ObjRelMapping.csproj", "{694AFEB1-0F97-4E16-B8A1-57A7CF4ACBD7}"
EndProject
Project("{2150E333-8FDC-42A3-9474-1A3956D46DE8}") = "Tests", "Tests", "{461F3AC4-21F0-40E8-81F2-D844A615803F}"
EndProject
Project("{9A19103F-16F7-4668-BE54-9A1E7A4F7556}") = "DotNetCenter.Beyond.Web.Identity.ObjRelMapping.UnitTest", "src\Web\Identity\ObjRelMapping\Tests\UnitTest\Source\DotNetCenter.Beyond.Web.Identity.ObjRelMapping.UnitTest.csproj", "{D8FB91AF-8843-4A03-B6A1-16183B8C3233}"
EndProject
Project("{2150E333-8FDC-42A3-9474-1A3956D46DE8}") = "Infrastructure", "Infrastructure", "{61042D9F-21E5-42CE-868E-CC8008C697D7}"
EndProject
Project("{2150E333-8FDC-42A3-9474-1A3956D46DE8}") = "SqlServer", "SqlServer", "{5510510C-95AA-49E7-983F-CF27FE34310C}"
EndProject
Project("{2150E333-8FDC-42A3-9474-1A3956D46DE8}") = "Tests", "Tests", "{57D5C875-D2CE-4521-9753-E2B6B6D62C36}"
EndProject
Project("{9A19103F-16F7-4668-BE54-9A1E7A4F7556}") = "DotNetCenter.Beyond.Web.Identity.Infrastructure.SqlServer.UnitTest", "src\Web\Identity\Infrastructure\SqlServer\Tests\UnitTest\Source\DotNetCenter.Beyond.Web.Identity.Infrastructure.SqlServer.UnitTest.csproj", "{304DD227-3B86-4A1D-A3EF-4D6F870F3D0E}"
EndProject
Project("{9A19103F-16F7-4668-BE54-9A1E7A4F7556}") = "DotNetCenter.Beyond.Web.Identity.Infrastructure.SqlServer", "src\Web\Identity\Infrastructure\SqlServer\Source\DotNetCenter.Beyond.Web.Identity.Infrastructure.SqlServer.csproj", "{311ADCE5-3EEB-443E-BB8B-55672DDA23B5}"
EndProject
Project("{2150E333-8FDC-42A3-9474-1A3956D46DE8}") = "Logging", "Logging", "{630E4A96-8C1D-44A9-B830-1FE79519EB8F}"
EndProject
Project("{2150E333-8FDC-42A3-9474-1A3956D46DE8}") = "Projects", "Projects", "{92EE18E6-E0B8-4C8A-81C5-C1AF8905F657}"
EndProject
Project("{2150E333-8FDC-42A3-9474-1A3956D46DE8}") = "Core", "Core", "{99B471C5-FCAE-41C5-89DF-856BC587727C}"
EndProject
Project("{2150E333-8FDC-42A3-9474-1A3956D46DE8}") = "Tests", "Tests", "{16128CE5-3641-4C19-9580-060EDF5C6D7B}"
EndProject
Project("{2150E333-8FDC-42A3-9474-1A3956D46DE8}") = "Tests", "Tests", "{8F52D1F7-4226-4A21-8BE0-1110E84A3EC5}"
EndProject
Project("{2150E333-8FDC-42A3-9474-1A3956D46DE8}") = "Configuration", "Configuration", "{63265B72-5821-4A47-9812-BC0310429C8C}"
EndProject
Project("{9A19103F-16F7-4668-BE54-9A1E7A4F7556}") = "DotNetCenter.Beyond.Web.Projects.Configuration.Core.UnitTest", "src\Web\Projects\Configuration\Core\Tests\UnitTest\Source\DotNetCenter.Beyond.Web.Projects.Configuration.Core.UnitTest.csproj", "{126D5880-D6FB-4910-A083-3622D7F9F7A6}"
EndProject
Project("{9A19103F-16F7-4668-BE54-9A1E7A4F7556}") = "DotNetCenter.Beyond.Web.Projects.Configuration.Core", "src\Web\Projects\Configuration\Core\Source\DotNetCenter.Beyond.Web.Projects.Configuration.Core.csproj", "{06FAC076-A2BA-4F71-B1FF-4D6F79711647}"
EndProject
Project("{9A19103F-16F7-4668-BE54-9A1E7A4F7556}") = "DotNetCenter.Beyond.Web.Projects.Configurations.UnitTest", "src\Web\Projects\Configuration\Tests\UnitTest\Source\DotNetCenter.Beyond.Web.Projects.Configurations.UnitTest.csproj", "{8D49D149-FC68-420E-9729-1B4670DDE6BD}"
EndProject
Project("{9A19103F-16F7-4668-BE54-9A1E7A4F7556}") = "DotNetCenter.Beyond.Web.Projects.Configuration", "src\Web\Projects\Configuration\Source\DotNetCenter.Beyond.Web.Projects.Configuration.csproj", "{86DAFE0E-F922-4D30-BCCA-A526B0ABCDCB}"
EndProject
Project("{9A19103F-16F7-4668-BE54-9A1E7A4F7556}") = "DotNetCenter.Beyond.Web.Logging", "src\Web\Logging\Source\DotNetCenter.Beyond.Web.Logging.csproj", "{EAA29BE2-3219-4669-B548-32F55189D56B}"
EndProject
Project("{2150E333-8FDC-42A3-9474-1A3956D46DE8}") = "Tests", "Tests", "{828175BC-2E17-443E-84DC-8BE176353B27}"
EndProject
Project("{2150E333-8FDC-42A3-9474-1A3956D46DE8}") = "Core", "Core", "{D2B743EF-B618-456B-ADB1-7BC5C207D56C}"
EndProject
Project("{2150E333-8FDC-42A3-9474-1A3956D46DE8}") = "Tests", "Tests", "{9E4E2273-D7B6-482D-85C0-96AD4457323C}"
EndProject
Project("{9A19103F-16F7-4668-BE54-9A1E7A4F7556}") = "DotNetCenter.Beyond.Web.Logging.Core", "src\Web\Logging\Core\Source\DotNetCenter.Beyond.Web.Logging.Core.csproj", "{D7584AB2-4E3E-4EDB-A1D2-047A1315A812}"
EndProject
Project("{9A19103F-16F7-4668-BE54-9A1E7A4F7556}") = "DotNetCenter.Beyond.Web.Logging.Core.UnitTest", "src\Web\Logging\Core\Tests\UnitTest\Source\DotNetCenter.Beyond.Web.Logging.Core.UnitTest.csproj", "{20356AC6-3BFE-4B36-9E02-2E4C886D8A28}"
EndProject
Project("{9A19103F-16F7-4668-BE54-9A1E7A4F7556}") = "DotNetCenter.Beyond.Web.Identity.Core", "src\Web\Identity\Core\Source\DotNetCenter.Beyond.Web.Identity.Core.csproj", "{FE0A9428-9771-48CE-8A01-D9BB661CA1B3}"
EndProject
Project("{9A19103F-16F7-4668-BE54-9A1E7A4F7556}") = "DotNetCenter.Beyond.Web.Logging.UnitTest", "src\Web\Logging\Tests\UnitTest\Source\DotNetCenter.Beyond.Web.Logging.UnitTest.csproj", "{D0E3F6B3-C319-4714-8AFF-FC7E499772A5}"
EndProject
Global
	GlobalSection(SolutionConfigurationPlatforms) = preSolution
		Debug|Any CPU = Debug|Any CPU
		Release|Any CPU = Release|Any CPU
	EndGlobalSection
	GlobalSection(ProjectConfigurationPlatforms) = postSolution
		{B4381CC7-8913-45C3-8989-DE89426D2FB2}.Debug|Any CPU.ActiveCfg = Debug|Any CPU
		{B4381CC7-8913-45C3-8989-DE89426D2FB2}.Debug|Any CPU.Build.0 = Debug|Any CPU
		{B4381CC7-8913-45C3-8989-DE89426D2FB2}.Release|Any CPU.ActiveCfg = Release|Any CPU
		{B4381CC7-8913-45C3-8989-DE89426D2FB2}.Release|Any CPU.Build.0 = Release|Any CPU
		{A8E4DC7D-F05B-4641-8B0D-2682ABBCAAEC}.Debug|Any CPU.ActiveCfg = Debug|Any CPU
		{A8E4DC7D-F05B-4641-8B0D-2682ABBCAAEC}.Release|Any CPU.ActiveCfg = Release|Any CPU
		{0EED4405-3F1E-4202-A124-238F116077A4}.Debug|Any CPU.ActiveCfg = Debug|Any CPU
		{0EED4405-3F1E-4202-A124-238F116077A4}.Debug|Any CPU.Build.0 = Debug|Any CPU
		{0EED4405-3F1E-4202-A124-238F116077A4}.Release|Any CPU.ActiveCfg = Release|Any CPU
		{0EED4405-3F1E-4202-A124-238F116077A4}.Release|Any CPU.Build.0 = Release|Any CPU
		{EB7BF80F-85B8-4848-87DB-04572426AC38}.Debug|Any CPU.ActiveCfg = Debug|Any CPU
		{EB7BF80F-85B8-4848-87DB-04572426AC38}.Release|Any CPU.ActiveCfg = Release|Any CPU
		{C0177C0F-1FBC-4E30-9C6E-ED564B3AD54A}.Debug|Any CPU.ActiveCfg = Debug|Any CPU
		{C0177C0F-1FBC-4E30-9C6E-ED564B3AD54A}.Debug|Any CPU.Build.0 = Debug|Any CPU
		{C0177C0F-1FBC-4E30-9C6E-ED564B3AD54A}.Release|Any CPU.ActiveCfg = Release|Any CPU
		{C0177C0F-1FBC-4E30-9C6E-ED564B3AD54A}.Release|Any CPU.Build.0 = Release|Any CPU
		{9B6C768E-95A1-465B-A141-010760CD3F27}.Debug|Any CPU.ActiveCfg = Debug|Any CPU
		{9B6C768E-95A1-465B-A141-010760CD3F27}.Debug|Any CPU.Build.0 = Debug|Any CPU
		{9B6C768E-95A1-465B-A141-010760CD3F27}.Release|Any CPU.ActiveCfg = Release|Any CPU
		{9B6C768E-95A1-465B-A141-010760CD3F27}.Release|Any CPU.Build.0 = Release|Any CPU
		{F79E9DAF-A7CE-4AB7-86B2-A0E0CA645B1B}.Debug|Any CPU.ActiveCfg = Debug|Any CPU
		{F79E9DAF-A7CE-4AB7-86B2-A0E0CA645B1B}.Debug|Any CPU.Build.0 = Debug|Any CPU
		{F79E9DAF-A7CE-4AB7-86B2-A0E0CA645B1B}.Release|Any CPU.ActiveCfg = Release|Any CPU
		{F79E9DAF-A7CE-4AB7-86B2-A0E0CA645B1B}.Release|Any CPU.Build.0 = Release|Any CPU
		{AC6EE44E-73B1-4648-ACEC-87A2DE01FC76}.Debug|Any CPU.ActiveCfg = Debug|Any CPU
		{AC6EE44E-73B1-4648-ACEC-87A2DE01FC76}.Release|Any CPU.ActiveCfg = Release|Any CPU
		{EFA55566-C799-476C-A93A-2E5612555C4F}.Debug|Any CPU.ActiveCfg = Debug|Any CPU
		{EFA55566-C799-476C-A93A-2E5612555C4F}.Debug|Any CPU.Build.0 = Debug|Any CPU
		{EFA55566-C799-476C-A93A-2E5612555C4F}.Release|Any CPU.ActiveCfg = Release|Any CPU
		{EFA55566-C799-476C-A93A-2E5612555C4F}.Release|Any CPU.Build.0 = Release|Any CPU
		{D3C1B805-5DDE-4D20-8317-5ED7DBF97D0E}.Debug|Any CPU.ActiveCfg = Debug|Any CPU
		{D3C1B805-5DDE-4D20-8317-5ED7DBF97D0E}.Release|Any CPU.ActiveCfg = Release|Any CPU
		{2C54A4A9-D737-4A4D-873C-F7416EA6EAC9}.Debug|Any CPU.ActiveCfg = Debug|Any CPU
		{2C54A4A9-D737-4A4D-873C-F7416EA6EAC9}.Debug|Any CPU.Build.0 = Debug|Any CPU
		{2C54A4A9-D737-4A4D-873C-F7416EA6EAC9}.Release|Any CPU.ActiveCfg = Release|Any CPU
		{2C54A4A9-D737-4A4D-873C-F7416EA6EAC9}.Release|Any CPU.Build.0 = Release|Any CPU
		{B4266FCD-486E-41A7-9E27-4C9B529A43FF}.Debug|Any CPU.ActiveCfg = Debug|Any CPU
		{B4266FCD-486E-41A7-9E27-4C9B529A43FF}.Release|Any CPU.ActiveCfg = Release|Any CPU
		{C6A17DBF-52B6-4992-83EB-1F256C014B83}.Debug|Any CPU.ActiveCfg = Debug|Any CPU
		{C6A17DBF-52B6-4992-83EB-1F256C014B83}.Debug|Any CPU.Build.0 = Debug|Any CPU
		{C6A17DBF-52B6-4992-83EB-1F256C014B83}.Release|Any CPU.ActiveCfg = Release|Any CPU
		{C6A17DBF-52B6-4992-83EB-1F256C014B83}.Release|Any CPU.Build.0 = Release|Any CPU
		{B4DA04AC-7565-442C-B347-30860AB62077}.Debug|Any CPU.ActiveCfg = Debug|Any CPU
		{B4DA04AC-7565-442C-B347-30860AB62077}.Release|Any CPU.ActiveCfg = Release|Any CPU
		{5BBFD4D2-56AC-4C2E-826E-50AAC027DE35}.Debug|Any CPU.ActiveCfg = Debug|Any CPU
		{5BBFD4D2-56AC-4C2E-826E-50AAC027DE35}.Release|Any CPU.ActiveCfg = Release|Any CPU
		{694AFEB1-0F97-4E16-B8A1-57A7CF4ACBD7}.Debug|Any CPU.ActiveCfg = Debug|Any CPU
		{694AFEB1-0F97-4E16-B8A1-57A7CF4ACBD7}.Debug|Any CPU.Build.0 = Debug|Any CPU
		{694AFEB1-0F97-4E16-B8A1-57A7CF4ACBD7}.Release|Any CPU.ActiveCfg = Release|Any CPU
		{694AFEB1-0F97-4E16-B8A1-57A7CF4ACBD7}.Release|Any CPU.Build.0 = Release|Any CPU
		{D8FB91AF-8843-4A03-B6A1-16183B8C3233}.Debug|Any CPU.ActiveCfg = Debug|Any CPU
		{D8FB91AF-8843-4A03-B6A1-16183B8C3233}.Release|Any CPU.ActiveCfg = Release|Any CPU
		{304DD227-3B86-4A1D-A3EF-4D6F870F3D0E}.Debug|Any CPU.ActiveCfg = Debug|Any CPU
		{304DD227-3B86-4A1D-A3EF-4D6F870F3D0E}.Release|Any CPU.ActiveCfg = Release|Any CPU
		{311ADCE5-3EEB-443E-BB8B-55672DDA23B5}.Debug|Any CPU.ActiveCfg = Debug|Any CPU
		{311ADCE5-3EEB-443E-BB8B-55672DDA23B5}.Debug|Any CPU.Build.0 = Debug|Any CPU
		{311ADCE5-3EEB-443E-BB8B-55672DDA23B5}.Release|Any CPU.ActiveCfg = Release|Any CPU
		{311ADCE5-3EEB-443E-BB8B-55672DDA23B5}.Release|Any CPU.Build.0 = Release|Any CPU
		{126D5880-D6FB-4910-A083-3622D7F9F7A6}.Debug|Any CPU.ActiveCfg = Debug|Any CPU
		{126D5880-D6FB-4910-A083-3622D7F9F7A6}.Debug|Any CPU.Build.0 = Debug|Any CPU
		{126D5880-D6FB-4910-A083-3622D7F9F7A6}.Release|Any CPU.ActiveCfg = Release|Any CPU
		{126D5880-D6FB-4910-A083-3622D7F9F7A6}.Release|Any CPU.Build.0 = Release|Any CPU
		{06FAC076-A2BA-4F71-B1FF-4D6F79711647}.Debug|Any CPU.ActiveCfg = Debug|Any CPU
		{06FAC076-A2BA-4F71-B1FF-4D6F79711647}.Debug|Any CPU.Build.0 = Debug|Any CPU
		{06FAC076-A2BA-4F71-B1FF-4D6F79711647}.Release|Any CPU.ActiveCfg = Release|Any CPU
		{06FAC076-A2BA-4F71-B1FF-4D6F79711647}.Release|Any CPU.Build.0 = Release|Any CPU
		{8D49D149-FC68-420E-9729-1B4670DDE6BD}.Debug|Any CPU.ActiveCfg = Debug|Any CPU
		{8D49D149-FC68-420E-9729-1B4670DDE6BD}.Debug|Any CPU.Build.0 = Debug|Any CPU
		{8D49D149-FC68-420E-9729-1B4670DDE6BD}.Release|Any CPU.ActiveCfg = Release|Any CPU
		{8D49D149-FC68-420E-9729-1B4670DDE6BD}.Release|Any CPU.Build.0 = Release|Any CPU
		{86DAFE0E-F922-4D30-BCCA-A526B0ABCDCB}.Debug|Any CPU.ActiveCfg = Debug|Any CPU
		{86DAFE0E-F922-4D30-BCCA-A526B0ABCDCB}.Debug|Any CPU.Build.0 = Debug|Any CPU
		{86DAFE0E-F922-4D30-BCCA-A526B0ABCDCB}.Release|Any CPU.ActiveCfg = Release|Any CPU
		{86DAFE0E-F922-4D30-BCCA-A526B0ABCDCB}.Release|Any CPU.Build.0 = Release|Any CPU
		{EAA29BE2-3219-4669-B548-32F55189D56B}.Debug|Any CPU.ActiveCfg = Debug|Any CPU
		{EAA29BE2-3219-4669-B548-32F55189D56B}.Debug|Any CPU.Build.0 = Debug|Any CPU
		{EAA29BE2-3219-4669-B548-32F55189D56B}.Release|Any CPU.ActiveCfg = Release|Any CPU
		{EAA29BE2-3219-4669-B548-32F55189D56B}.Release|Any CPU.Build.0 = Release|Any CPU
		{D7584AB2-4E3E-4EDB-A1D2-047A1315A812}.Debug|Any CPU.ActiveCfg = Debug|Any CPU
		{D7584AB2-4E3E-4EDB-A1D2-047A1315A812}.Debug|Any CPU.Build.0 = Debug|Any CPU
		{D7584AB2-4E3E-4EDB-A1D2-047A1315A812}.Release|Any CPU.ActiveCfg = Release|Any CPU
		{D7584AB2-4E3E-4EDB-A1D2-047A1315A812}.Release|Any CPU.Build.0 = Release|Any CPU
		{20356AC6-3BFE-4B36-9E02-2E4C886D8A28}.Debug|Any CPU.ActiveCfg = Debug|Any CPU
		{20356AC6-3BFE-4B36-9E02-2E4C886D8A28}.Release|Any CPU.ActiveCfg = Release|Any CPU
		{FE0A9428-9771-48CE-8A01-D9BB661CA1B3}.Debug|Any CPU.ActiveCfg = Debug|Any CPU
		{FE0A9428-9771-48CE-8A01-D9BB661CA1B3}.Debug|Any CPU.Build.0 = Debug|Any CPU
		{FE0A9428-9771-48CE-8A01-D9BB661CA1B3}.Release|Any CPU.ActiveCfg = Release|Any CPU
		{FE0A9428-9771-48CE-8A01-D9BB661CA1B3}.Release|Any CPU.Build.0 = Release|Any CPU
		{D0E3F6B3-C319-4714-8AFF-FC7E499772A5}.Debug|Any CPU.ActiveCfg = Debug|Any CPU
		{D0E3F6B3-C319-4714-8AFF-FC7E499772A5}.Release|Any CPU.ActiveCfg = Release|Any CPU
	EndGlobalSection
	GlobalSection(SolutionProperties) = preSolution
		HideSolutionNode = FALSE
	EndGlobalSection
	GlobalSection(NestedProjects) = preSolution
		{F488E4B1-CA0D-42DD-BA5F-EAD1FD9699A0} = {84FF9B35-03EB-4C7A-9180-9CE07B84683C}
		{2E3CF090-B129-46EE-B6EA-939E4C626D7E} = {F488E4B1-CA0D-42DD-BA5F-EAD1FD9699A0}
		{64BC49B1-EACC-4C1F-9C65-A26018D4C243} = {84FF9B35-03EB-4C7A-9180-9CE07B84683C}
		{42DC931D-E939-4495-8551-D7AE06E6F527} = {64BC49B1-EACC-4C1F-9C65-A26018D4C243}
		{D1FB82A0-2ED8-4A88-87E6-27DEC10A7FC5} = {84FF9B35-03EB-4C7A-9180-9CE07B84683C}
		{6BBC28B4-0409-4897-B066-D0C35E86FA69} = {D1FB82A0-2ED8-4A88-87E6-27DEC10A7FC5}
		{B4381CC7-8913-45C3-8989-DE89426D2FB2} = {64BC49B1-EACC-4C1F-9C65-A26018D4C243}
		{A8E4DC7D-F05B-4641-8B0D-2682ABBCAAEC} = {42DC931D-E939-4495-8551-D7AE06E6F527}
		{0EED4405-3F1E-4202-A124-238F116077A4} = {F488E4B1-CA0D-42DD-BA5F-EAD1FD9699A0}
		{EB7BF80F-85B8-4848-87DB-04572426AC38} = {2E3CF090-B129-46EE-B6EA-939E4C626D7E}
		{C0177C0F-1FBC-4E30-9C6E-ED564B3AD54A} = {D1FB82A0-2ED8-4A88-87E6-27DEC10A7FC5}
		{9B6C768E-95A1-465B-A141-010760CD3F27} = {6BBC28B4-0409-4897-B066-D0C35E86FA69}
		{4EF69A4E-364D-4691-95A4-A6A1B46145B7} = {F488E4B1-CA0D-42DD-BA5F-EAD1FD9699A0}
		{A125EA5E-14AB-446E-9048-4AD1DA88F753} = {4EF69A4E-364D-4691-95A4-A6A1B46145B7}
		{F79E9DAF-A7CE-4AB7-86B2-A0E0CA645B1B} = {4EF69A4E-364D-4691-95A4-A6A1B46145B7}
		{AC6EE44E-73B1-4648-ACEC-87A2DE01FC76} = {A125EA5E-14AB-446E-9048-4AD1DA88F753}
		{04DD4F26-8E86-45CE-A381-D1B317E6C71E} = {F488E4B1-CA0D-42DD-BA5F-EAD1FD9699A0}
		{EFA55566-C799-476C-A93A-2E5612555C4F} = {04DD4F26-8E86-45CE-A381-D1B317E6C71E}
		{CE0AF597-70B2-489C-BF5C-70F4E2DB14CC} = {04DD4F26-8E86-45CE-A381-D1B317E6C71E}
		{D3C1B805-5DDE-4D20-8317-5ED7DBF97D0E} = {CE0AF597-70B2-489C-BF5C-70F4E2DB14CC}
		{DAC967B6-769B-4E7D-A980-F696FE784A0E} = {84FF9B35-03EB-4C7A-9180-9CE07B84683C}
		{128CA30B-8789-424A-B8DF-BED738DA1D40} = {DAC967B6-769B-4E7D-A980-F696FE784A0E}
		{2C54A4A9-D737-4A4D-873C-F7416EA6EAC9} = {128CA30B-8789-424A-B8DF-BED738DA1D40}
		{42FD56A1-3429-44B2-AAC6-173E1B0DE6B7} = {128CA30B-8789-424A-B8DF-BED738DA1D40}
		{B4266FCD-486E-41A7-9E27-4C9B529A43FF} = {42FD56A1-3429-44B2-AAC6-173E1B0DE6B7}
		{2FEE3320-E338-4D64-8E63-8215D41D7EC7} = {04DD4F26-8E86-45CE-A381-D1B317E6C71E}
		{C6A17DBF-52B6-4992-83EB-1F256C014B83} = {2FEE3320-E338-4D64-8E63-8215D41D7EC7}
		{EEC84D0C-A141-475A-9536-F1549AB6CE7F} = {2FEE3320-E338-4D64-8E63-8215D41D7EC7}
		{B4DA04AC-7565-442C-B347-30860AB62077} = {EEC84D0C-A141-475A-9536-F1549AB6CE7F}
		{848CC488-1670-407B-BC5D-6E32DB3EAE92} = {DAC967B6-769B-4E7D-A980-F696FE784A0E}
		{47AB3705-F783-4838-9614-39248DE9E239} = {848CC488-1670-407B-BC5D-6E32DB3EAE92}
		{5BBFD4D2-56AC-4C2E-826E-50AAC027DE35} = {47AB3705-F783-4838-9614-39248DE9E239}
		{AB18085E-1212-40A0-98B1-E3B6DDE2E0FD} = {DAC967B6-769B-4E7D-A980-F696FE784A0E}
		{694AFEB1-0F97-4E16-B8A1-57A7CF4ACBD7} = {AB18085E-1212-40A0-98B1-E3B6DDE2E0FD}
		{461F3AC4-21F0-40E8-81F2-D844A615803F} = {AB18085E-1212-40A0-98B1-E3B6DDE2E0FD}
		{D8FB91AF-8843-4A03-B6A1-16183B8C3233} = {461F3AC4-21F0-40E8-81F2-D844A615803F}
		{61042D9F-21E5-42CE-868E-CC8008C697D7} = {DAC967B6-769B-4E7D-A980-F696FE784A0E}
		{5510510C-95AA-49E7-983F-CF27FE34310C} = {61042D9F-21E5-42CE-868E-CC8008C697D7}
		{57D5C875-D2CE-4521-9753-E2B6B6D62C36} = {5510510C-95AA-49E7-983F-CF27FE34310C}
		{304DD227-3B86-4A1D-A3EF-4D6F870F3D0E} = {57D5C875-D2CE-4521-9753-E2B6B6D62C36}
		{311ADCE5-3EEB-443E-BB8B-55672DDA23B5} = {5510510C-95AA-49E7-983F-CF27FE34310C}
		{630E4A96-8C1D-44A9-B830-1FE79519EB8F} = {84FF9B35-03EB-4C7A-9180-9CE07B84683C}
		{92EE18E6-E0B8-4C8A-81C5-C1AF8905F657} = {84FF9B35-03EB-4C7A-9180-9CE07B84683C}
		{99B471C5-FCAE-41C5-89DF-856BC587727C} = {63265B72-5821-4A47-9812-BC0310429C8C}
		{16128CE5-3641-4C19-9580-060EDF5C6D7B} = {99B471C5-FCAE-41C5-89DF-856BC587727C}
		{8F52D1F7-4226-4A21-8BE0-1110E84A3EC5} = {92EE18E6-E0B8-4C8A-81C5-C1AF8905F657}
		{63265B72-5821-4A47-9812-BC0310429C8C} = {92EE18E6-E0B8-4C8A-81C5-C1AF8905F657}
		{126D5880-D6FB-4910-A083-3622D7F9F7A6} = {16128CE5-3641-4C19-9580-060EDF5C6D7B}
		{06FAC076-A2BA-4F71-B1FF-4D6F79711647} = {99B471C5-FCAE-41C5-89DF-856BC587727C}
		{8D49D149-FC68-420E-9729-1B4670DDE6BD} = {8F52D1F7-4226-4A21-8BE0-1110E84A3EC5}
		{86DAFE0E-F922-4D30-BCCA-A526B0ABCDCB} = {63265B72-5821-4A47-9812-BC0310429C8C}
		{EAA29BE2-3219-4669-B548-32F55189D56B} = {630E4A96-8C1D-44A9-B830-1FE79519EB8F}
		{828175BC-2E17-443E-84DC-8BE176353B27} = {630E4A96-8C1D-44A9-B830-1FE79519EB8F}
		{D2B743EF-B618-456B-ADB1-7BC5C207D56C} = {630E4A96-8C1D-44A9-B830-1FE79519EB8F}
		{9E4E2273-D7B6-482D-85C0-96AD4457323C} = {D2B743EF-B618-456B-ADB1-7BC5C207D56C}
		{D7584AB2-4E3E-4EDB-A1D2-047A1315A812} = {D2B743EF-B618-456B-ADB1-7BC5C207D56C}
		{20356AC6-3BFE-4B36-9E02-2E4C886D8A28} = {9E4E2273-D7B6-482D-85C0-96AD4457323C}
		{FE0A9428-9771-48CE-8A01-D9BB661CA1B3} = {848CC488-1670-407B-BC5D-6E32DB3EAE92}
		{D0E3F6B3-C319-4714-8AFF-FC7E499772A5} = {828175BC-2E17-443E-84DC-8BE176353B27}
	EndGlobalSection
	GlobalSection(ExtensibilityGlobals) = postSolution
		SolutionGuid = {83ADA30D-5814-4DC8-BD11-4C27D28AD81B}
	EndGlobalSection
EndGlobal
