
Microsoft Visual Studio Solution File, Format Version 12.00
# Visual Studio Version 16
VisualStudioVersion = 16.0.30711.63
MinimumVisualStudioVersion = 15.0.26124.0
Project("{2150E333-8FDC-42A3-9474-1A3956D46DE8}") = "Source", "Source", "{B8376A76-813A-4AF2-843A-9020617DE267}"
	ProjectSection(SolutionItems) = preProject
		src\Directory.Build.props = src\Directory.Build.props
	EndProjectSection
EndProject
Project("{2150E333-8FDC-42A3-9474-1A3956D46DE8}") = "Mapping", "Mapping", "{696BF637-3744-4D3C-BEDF-88F5A998FA6B}"
EndProject
Project("{2150E333-8FDC-42A3-9474-1A3956D46DE8}") = "Tests", "Tests", "{059C2BE9-1877-486F-9B71-F28A5F854BD3}"
EndProject
Project("{2150E333-8FDC-42A3-9474-1A3956D46DE8}") = "Core", "Core", "{2A5B4366-8802-4948-84C2-CF1CEFEBE32D}"
EndProject
Project("{2150E333-8FDC-42A3-9474-1A3956D46DE8}") = "Tests", "Tests", "{CC79A393-D6FC-4454-B6CF-772916BCB37D}"
EndProject
Project("{9A19103F-16F7-4668-BE54-9A1E7A4F7556}") = "DotNetCenter.Beyond.Mapping.Core", "src\Mapping\Core\Source\DotNetCenter.Beyond.Mapping.Core.csproj", "{6E43A019-6813-4BA2-B0F5-912EA09474E8}"
EndProject
Project("{9A19103F-16F7-4668-BE54-9A1E7A4F7556}") = "DotNetCenter.Beyond.Mapping.Core.UnitTest", "src\Mapping\Core\Tests\UnitTest\Source\DotNetCenter.Beyond.Mapping.Core.UnitTest.csproj", "{7AC38A10-CE7F-41AF-8FFB-76895D6CA2E7}"
EndProject
Project("{9A19103F-16F7-4668-BE54-9A1E7A4F7556}") = "DotNetCenter.Beyond.AutoMapper.UnitTest", "src\Mapping\Tests\UnitTest\Source\DotNetCenter.Beyond.AutoMapper.UnitTest.csproj", "{3CAA0C30-A8CD-4021-AA6F-5A49ACC4C36C}"
EndProject
Project("{9A19103F-16F7-4668-BE54-9A1E7A4F7556}") = "DotNetCenter.Beyond.Mapping", "src\Mapping\Source\DotNetCenter.Beyond.Mapping.csproj", "{DE45DF4A-CDA8-4646-A437-CB3F4ECEC3E6}"
EndProject
Project("{2150E333-8FDC-42A3-9474-1A3956D46DE8}") = "Solution Items", "Solution Items", "{849D8890-4D2F-468D-A695-A83BE6EE3F29}"
	ProjectSection(SolutionItems) = preProject
		.editorconfig = .editorconfig
	EndProjectSection
EndProject
Global
	GlobalSection(SolutionConfigurationPlatforms) = preSolution
		Debug|Any CPU = Debug|Any CPU
		Release|Any CPU = Release|Any CPU
	EndGlobalSection
	GlobalSection(ProjectConfigurationPlatforms) = postSolution
		{6E43A019-6813-4BA2-B0F5-912EA09474E8}.Debug|Any CPU.ActiveCfg = Debug|Any CPU
		{6E43A019-6813-4BA2-B0F5-912EA09474E8}.Debug|Any CPU.Build.0 = Debug|Any CPU
		{6E43A019-6813-4BA2-B0F5-912EA09474E8}.Release|Any CPU.ActiveCfg = Release|Any CPU
		{6E43A019-6813-4BA2-B0F5-912EA09474E8}.Release|Any CPU.Build.0 = Release|Any CPU
		{7AC38A10-CE7F-41AF-8FFB-76895D6CA2E7}.Debug|Any CPU.ActiveCfg = Debug|Any CPU
		{7AC38A10-CE7F-41AF-8FFB-76895D6CA2E7}.Debug|Any CPU.Build.0 = Debug|Any CPU
		{7AC38A10-CE7F-41AF-8FFB-76895D6CA2E7}.Release|Any CPU.ActiveCfg = Release|Any CPU
		{7AC38A10-CE7F-41AF-8FFB-76895D6CA2E7}.Release|Any CPU.Build.0 = Release|Any CPU
		{3CAA0C30-A8CD-4021-AA6F-5A49ACC4C36C}.Debug|Any CPU.ActiveCfg = Debug|Any CPU
		{3CAA0C30-A8CD-4021-AA6F-5A49ACC4C36C}.Debug|Any CPU.Build.0 = Debug|Any CPU
		{3CAA0C30-A8CD-4021-AA6F-5A49ACC4C36C}.Release|Any CPU.ActiveCfg = Release|Any CPU
		{3CAA0C30-A8CD-4021-AA6F-5A49ACC4C36C}.Release|Any CPU.Build.0 = Release|Any CPU
		{DE45DF4A-CDA8-4646-A437-CB3F4ECEC3E6}.Debug|Any CPU.ActiveCfg = Debug|Any CPU
		{DE45DF4A-CDA8-4646-A437-CB3F4ECEC3E6}.Debug|Any CPU.Build.0 = Debug|Any CPU
		{DE45DF4A-CDA8-4646-A437-CB3F4ECEC3E6}.Release|Any CPU.ActiveCfg = Release|Any CPU
		{DE45DF4A-CDA8-4646-A437-CB3F4ECEC3E6}.Release|Any CPU.Build.0 = Release|Any CPU
	EndGlobalSection
	GlobalSection(SolutionProperties) = preSolution
		HideSolutionNode = FALSE
	EndGlobalSection
	GlobalSection(NestedProjects) = preSolution
		{696BF637-3744-4D3C-BEDF-88F5A998FA6B} = {B8376A76-813A-4AF2-843A-9020617DE267}
		{059C2BE9-1877-486F-9B71-F28A5F854BD3} = {696BF637-3744-4D3C-BEDF-88F5A998FA6B}
		{2A5B4366-8802-4948-84C2-CF1CEFEBE32D} = {696BF637-3744-4D3C-BEDF-88F5A998FA6B}
		{CC79A393-D6FC-4454-B6CF-772916BCB37D} = {2A5B4366-8802-4948-84C2-CF1CEFEBE32D}
		{6E43A019-6813-4BA2-B0F5-912EA09474E8} = {2A5B4366-8802-4948-84C2-CF1CEFEBE32D}
		{7AC38A10-CE7F-41AF-8FFB-76895D6CA2E7} = {CC79A393-D6FC-4454-B6CF-772916BCB37D}
		{3CAA0C30-A8CD-4021-AA6F-5A49ACC4C36C} = {059C2BE9-1877-486F-9B71-F28A5F854BD3}
		{DE45DF4A-CDA8-4646-A437-CB3F4ECEC3E6} = {696BF637-3744-4D3C-BEDF-88F5A998FA6B}
	EndGlobalSection
	GlobalSection(ExtensibilityGlobals) = postSolution
		SolutionGuid = {9DEB1C38-32F1-4A04-AA92-48402CB84190}
	EndGlobalSection
EndGlobal
